
Microsoft Visual Studio Solution File, Format Version 12.00
# Visual Studio Version 17
VisualStudioVersion = 17.0.32126.317
MinimumVisualStudioVersion = 10.0.40219.1
Project("{FAE04EC0-301F-11D3-BF4B-00C04F79EFBC}") = "Homework", "Homework\Homework.csproj", "{8334A107-EEBB-4EC1-AA4A-C07FE4B6D01E}"
EndProject
Project("{FAE04EC0-301F-11D3-BF4B-00C04F79EFBC}") = "Lesson", "Lesson\Lesson.csproj", "{37169832-B513-4611-BE88-5D9A56B2CF4D}"
EndProject
Project("{FAE04EC0-301F-11D3-BF4B-00C04F79EFBC}") = "Tasks", "Tasks\Tasks.csproj", "{BD2ACDC2-6762-4423-B6EB-AD653F929993}"
EndProject
Project("{FAE04EC0-301F-11D3-BF4B-00C04F79EFBC}") = "MyClasses", "MyClasses\MyClasses.csproj", "{98CCACA8-8469-4F01-8C2E-88B81557FFB3}"
EndProject
Global
	GlobalSection(SolutionConfigurationPlatforms) = preSolution
		Debug|Any CPU = Debug|Any CPU
		Release|Any CPU = Release|Any CPU
	EndGlobalSection
	GlobalSection(ProjectConfigurationPlatforms) = postSolution
		{8334A107-EEBB-4EC1-AA4A-C07FE4B6D01E}.Debug|Any CPU.ActiveCfg = Debug|Any CPU
		{8334A107-EEBB-4EC1-AA4A-C07FE4B6D01E}.Debug|Any CPU.Build.0 = Debug|Any CPU
		{8334A107-EEBB-4EC1-AA4A-C07FE4B6D01E}.Release|Any CPU.ActiveCfg = Release|Any CPU
		{8334A107-EEBB-4EC1-AA4A-C07FE4B6D01E}.Release|Any CPU.Build.0 = Release|Any CPU
		{37169832-B513-4611-BE88-5D9A56B2CF4D}.Debug|Any CPU.ActiveCfg = Debug|Any CPU
		{37169832-B513-4611-BE88-5D9A56B2CF4D}.Debug|Any CPU.Build.0 = Debug|Any CPU
		{37169832-B513-4611-BE88-5D9A56B2CF4D}.Release|Any CPU.ActiveCfg = Release|Any CPU
		{37169832-B513-4611-BE88-5D9A56B2CF4D}.Release|Any CPU.Build.0 = Release|Any CPU
		{BD2ACDC2-6762-4423-B6EB-AD653F929993}.Debug|Any CPU.ActiveCfg = Debug|Any CPU
		{BD2ACDC2-6762-4423-B6EB-AD653F929993}.Debug|Any CPU.Build.0 = Debug|Any CPU
		{BD2ACDC2-6762-4423-B6EB-AD653F929993}.Release|Any CPU.ActiveCfg = Release|Any CPU
		{BD2ACDC2-6762-4423-B6EB-AD653F929993}.Release|Any CPU.Build.0 = Release|Any CPU
		{98CCACA8-8469-4F01-8C2E-88B81557FFB3}.Debug|Any CPU.ActiveCfg = Debug|Any CPU
		{98CCACA8-8469-4F01-8C2E-88B81557FFB3}.Debug|Any CPU.Build.0 = Debug|Any CPU
		{98CCACA8-8469-4F01-8C2E-88B81557FFB3}.Release|Any CPU.ActiveCfg = Release|Any CPU
		{98CCACA8-8469-4F01-8C2E-88B81557FFB3}.Release|Any CPU.Build.0 = Release|Any CPU
	EndGlobalSection
	GlobalSection(SolutionProperties) = preSolution
		HideSolutionNode = FALSE
	EndGlobalSection
	GlobalSection(ExtensibilityGlobals) = postSolution
		SolutionGuid = {3FCC0901-74FF-4124-AE07-2E303A7EA34A}
	EndGlobalSection
EndGlobal
